// !$*UTF8*$!
{
	archiveVersion = 1;
	classes = {
	};
	objectVersion = 56;
	objects = {

/* Begin PBXBuildFile section */
		A10001 /* TheClapperApp.swift in Sources */ = {isa = PBXBuildFile; fileRef = B10001; };
		A10002 /* ContentView.swift in Sources */ = {isa = PBXBuildFile; fileRef = B10002; };
		A10003 /* HomeView.swift in Sources */ = {isa = PBXBuildFile; fileRef = B10003; };
		A10004 /* CameraView.swift in Sources */ = {isa = PBXBuildFile; fileRef = B10004; };
		A10005 /* CameraPreviewView.swift in Sources */ = {isa = PBXBuildFile; fileRef = B10005; };
		A10006 /* SettingsView.swift in Sources */ = {isa = PBXBuildFile; fileRef = B10006; };
		A10007 /* AudioLevelBar.swift in Sources */ = {isa = PBXBuildFile; fileRef = B10007; };
		A10008 /* GestureEventRow.swift in Sources */ = {isa = PBXBuildFile; fileRef = B10008; };
		A10009 /* WaveformView.swift in Sources */ = {isa = PBXBuildFile; fileRef = B10009; };
		A10010 /* ClapperViewModel.swift in Sources */ = {isa = PBXBuildFile; fileRef = B10010; };
		A10011 /* Gesture.swift in Sources */ = {isa = PBXBuildFile; fileRef = B10011; };
		A10012 /* GestureAction.swift in Sources */ = {isa = PBXBuildFile; fileRef = B10012; };
		A10013 /* AudioLevel.swift in Sources */ = {isa = PBXBuildFile; fileRef = B10013; };
		A10014 /* AudioMonitorService.swift in Sources */ = {isa = PBXBuildFile; fileRef = B10014; };
		A10015 /* SoundClassifierService.swift in Sources */ = {isa = PBXBuildFile; fileRef = B10015; };
		A10016 /* GestureRecognizerService.swift in Sources */ = {isa = PBXBuildFile; fileRef = B10016; };
		A10017 /* CameraService.swift in Sources */ = {isa = PBXBuildFile; fileRef = B10017; };
		A10018 /* ActionDispatcher.swift in Sources */ = {isa = PBXBuildFile; fileRef = B10018; };
		A10019 /* HapticService.swift in Sources */ = {isa = PBXBuildFile; fileRef = B10019; };
		A10020 /* AudioSessionService.swift in Sources */ = {isa = PBXBuildFile; fileRef = B10020; };
		A10021 /* DesignSystem.swift in Sources */ = {isa = PBXBuildFile; fileRef = B10021; };
		A10022 /* Assets.xcassets in Resources */ = {isa = PBXBuildFile; fileRef = B10022; };
		A10023 /* PrivacyInfo.xcprivacy in Resources */ = {isa = PBXBuildFile; fileRef = B10024; };
		A10024 /* ObjCExceptionCatcher.m in Sources */ = {isa = PBXBuildFile; fileRef = B10026; };
/* End PBXBuildFile section */

/* Begin PBXFileReference section */
		C10001 /* TheClapper.app */ = {isa = PBXFileReference; explicitFileType = wrapper.application; includeInIndex = 0; path = TheClapper.app; sourceTree = BUILT_PRODUCTS_DIR; };
		B10001 /* TheClapperApp.swift */ = {isa = PBXFileReference; lastKnownFileType = sourcecode.swift; path = TheClapperApp.swift; sourceTree = "<group>"; };
		B10002 /* ContentView.swift */ = {isa = PBXFileReference; lastKnownFileType = sourcecode.swift; path = ContentView.swift; sourceTree = "<group>"; };
		B10003 /* HomeView.swift */ = {isa = PBXFileReference; lastKnownFileType = sourcecode.swift; path = HomeView.swift; sourceTree = "<group>"; };
		B10004 /* CameraView.swift */ = {isa = PBXFileReference; lastKnownFileType = sourcecode.swift; path = CameraView.swift; sourceTree = "<group>"; };
		B10005 /* CameraPreviewView.swift */ = {isa = PBXFileReference; lastKnownFileType = sourcecode.swift; path = CameraPreviewView.swift; sourceTree = "<group>"; };
		B10006 /* SettingsView.swift */ = {isa = PBXFileReference; lastKnownFileType = sourcecode.swift; path = SettingsView.swift; sourceTree = "<group>"; };
		B10007 /* AudioLevelBar.swift */ = {isa = PBXFileReference; lastKnownFileType = sourcecode.swift; path = AudioLevelBar.swift; sourceTree = "<group>"; };
		B10008 /* GestureEventRow.swift */ = {isa = PBXFileReference; lastKnownFileType = sourcecode.swift; path = GestureEventRow.swift; sourceTree = "<group>"; };
		B10009 /* WaveformView.swift */ = {isa = PBXFileReference; lastKnownFileType = sourcecode.swift; path = WaveformView.swift; sourceTree = "<group>"; };
		B10010 /* ClapperViewModel.swift */ = {isa = PBXFileReference; lastKnownFileType = sourcecode.swift; path = ClapperViewModel.swift; sourceTree = "<group>"; };
		B10011 /* Gesture.swift */ = {isa = PBXFileReference; lastKnownFileType = sourcecode.swift; path = Gesture.swift; sourceTree = "<group>"; };
		B10012 /* GestureAction.swift */ = {isa = PBXFileReference; lastKnownFileType = sourcecode.swift; path = GestureAction.swift; sourceTree = "<group>"; };
		B10013 /* AudioLevel.swift */ = {isa = PBXFileReference; lastKnownFileType = sourcecode.swift; path = AudioLevel.swift; sourceTree = "<group>"; };
		B10014 /* AudioMonitorService.swift */ = {isa = PBXFileReference; lastKnownFileType = sourcecode.swift; path = AudioMonitorService.swift; sourceTree = "<group>"; };
		B10015 /* SoundClassifierService.swift */ = {isa = PBXFileReference; lastKnownFileType = sourcecode.swift; path = SoundClassifierService.swift; sourceTree = "<group>"; };
		B10016 /* GestureRecognizerService.swift */ = {isa = PBXFileReference; lastKnownFileType = sourcecode.swift; path = GestureRecognizerService.swift; sourceTree = "<group>"; };
		B10017 /* CameraService.swift */ = {isa = PBXFileReference; lastKnownFileType = sourcecode.swift; path = CameraService.swift; sourceTree = "<group>"; };
		B10018 /* ActionDispatcher.swift */ = {isa = PBXFileReference; lastKnownFileType = sourcecode.swift; path = ActionDispatcher.swift; sourceTree = "<group>"; };
		B10019 /* HapticService.swift */ = {isa = PBXFileReference; lastKnownFileType = sourcecode.swift; path = HapticService.swift; sourceTree = "<group>"; };
		B10020 /* AudioSessionService.swift */ = {isa = PBXFileReference; lastKnownFileType = sourcecode.swift; path = AudioSessionService.swift; sourceTree = "<group>"; };
		B10021 /* DesignSystem.swift */ = {isa = PBXFileReference; lastKnownFileType = sourcecode.swift; path = DesignSystem.swift; sourceTree = "<group>"; };
		B10022 /* Assets.xcassets */ = {isa = PBXFileReference; lastKnownFileType = folder.assetcatalog; path = Assets.xcassets; sourceTree = "<group>"; };
		B10023 /* Info.plist */ = {isa = PBXFileReference; lastKnownFileType = text.plist.xml; path = Info.plist; sourceTree = "<group>"; };
		B10024 /* PrivacyInfo.xcprivacy */ = {isa = PBXFileReference; lastKnownFileType = text.xml; path = PrivacyInfo.xcprivacy; sourceTree = "<group>"; };
		B10025 /* ObjCExceptionCatcher.h */ = {isa = PBXFileReference; lastKnownFileType = sourcecode.c.h; path = ObjCExceptionCatcher.h; sourceTree = "<group>"; };
		B10026 /* ObjCExceptionCatcher.m */ = {isa = PBXFileReference; lastKnownFileType = sourcecode.c.objc; path = ObjCExceptionCatcher.m; sourceTree = "<group>"; };
		B10027 /* TheClapper-Bridging-Header.h */ = {isa = PBXFileReference; lastKnownFileType = sourcecode.c.h; path = "TheClapper-Bridging-Header.h"; sourceTree = "<group>"; };
/* End PBXFileReference section */

/* Begin PBXFrameworksBuildPhase section */
		D10001 /* Frameworks */ = {
			isa = PBXFrameworksBuildPhase;
			buildActionMask = 2147483647;
			files = (
			);
			runOnlyForDeploymentPostprocessing = 0;
		};
/* End PBXFrameworksBuildPhase section */

/* Begin PBXGroup section */
		E10001 = {
			isa = PBXGroup;
			children = (
				E10002 /* TheClapper */,
				E10020 /* Products */,
			);
			sourceTree = "<group>";
		};
		E10002 /* TheClapper */ = {
			isa = PBXGroup;
			children = (
				E10003 /* App */,
				E10004 /* Models */,
				E10005 /* Services */,
				E10006 /* ViewModels */,
				E10007 /* Views */,
				E10012 /* Extensions */,
				E10013 /* Resources */,
				B10027 /* TheClapper-Bridging-Header.h */,
			);
			path = TheClapper;
			sourceTree = "<group>";
		};
		E10003 /* App */ = {
			isa = PBXGroup;
			children = (
				B10001 /* TheClapperApp.swift */,
			);
			path = App;
			sourceTree = "<group>";
		};
		E10004 /* Models */ = {
			isa = PBXGroup;
			children = (
				B10011 /* Gesture.swift */,
				B10012 /* GestureAction.swift */,
				B10013 /* AudioLevel.swift */,
			);
			path = Models;
			sourceTree = "<group>";
		};
		E10005 /* Services */ = {
			isa = PBXGroup;
			children = (
				B10014 /* AudioMonitorService.swift */,
				B10015 /* SoundClassifierService.swift */,
				B10016 /* GestureRecognizerService.swift */,
				B10017 /* CameraService.swift */,
				B10018 /* ActionDispatcher.swift */,
				B10019 /* HapticService.swift */,
				B10020 /* AudioSessionService.swift */,
				B10025 /* ObjCExceptionCatcher.h */,
				B10026 /* ObjCExceptionCatcher.m */,
			);
			path = Services;
			sourceTree = "<group>";
		};
		E10006 /* ViewModels */ = {
			isa = PBXGroup;
			children = (
				B10010 /* ClapperViewModel.swift */,
			);
			path = ViewModels;
			sourceTree = "<group>";
		};
		E10007 /* Views */ = {
			isa = PBXGroup;
			children = (
				E10008 /* Home */,
				E10009 /* Camera */,
				E10010 /* Settings */,
				E10011 /* Shared */,
			);
			path = Views;
			sourceTree = "<group>";
		};
		E10008 /* Home */ = {
			isa = PBXGroup;
			children = (
				B10002 /* ContentView.swift */,
				B10003 /* HomeView.swift */,
			);
			path = Home;
			sourceTree = "<group>";
		};
		E10009 /* Camera */ = {
			isa = PBXGroup;
			children = (
				B10004 /* CameraView.swift */,
				B10005 /* CameraPreviewView.swift */,
			);
			path = Camera;
			sourceTree = "<group>";
		};
		E10010 /* Settings */ = {
			isa = PBXGroup;
			children = (
				B10006 /* SettingsView.swift */,
			);
			path = Settings;
			sourceTree = "<group>";
		};
		E10011 /* Shared */ = {
			isa = PBXGroup;
			children = (
				B10007 /* AudioLevelBar.swift */,
				B10008 /* GestureEventRow.swift */,
				B10009 /* WaveformView.swift */,
			);
			path = Shared;
			sourceTree = "<group>";
		};
		E10012 /* Extensions */ = {
			isa = PBXGroup;
			children = (
				B10021 /* DesignSystem.swift */,
			);
			path = Extensions;
			sourceTree = "<group>";
		};
		E10013 /* Resources */ = {
			isa = PBXGroup;
			children = (
				B10022 /* Assets.xcassets */,
				B10023 /* Info.plist */,
				B10024 /* PrivacyInfo.xcprivacy */,
			);
			path = Resources;
			sourceTree = "<group>";
		};
		E10020 /* Products */ = {
			isa = PBXGroup;
			children = (
				C10001 /* TheClapper.app */,
			);
			name = Products;
			sourceTree = "<group>";
		};
/* End PBXGroup section */

/* Begin PBXNativeTarget section */
		F10001 /* TheClapper */ = {
			isa = PBXNativeTarget;
			buildConfigurationList = G10003 /* Build configuration list for PBXNativeTarget "TheClapper" */;
			buildPhases = (
				F10002 /* Sources */,
				D10001 /* Frameworks */,
				F10003 /* Resources */,
			);
			buildRules = (
			);
			dependencies = (
			);
			name = TheClapper;
			productName = TheClapper;
			productReference = C10001 /* TheClapper.app */;
			productType = "com.apple.product-type.application";
		};
/* End PBXNativeTarget section */

/* Begin PBXProject section */
		H10001 /* Project object */ = {
			isa = PBXProject;
			attributes = {
				BuildIndependentTargetsInParallel = 1;
				LastSwiftUpdateCheck = 1600;
				LastUpgradeCheck = 1600;
				TargetAttributes = {
					F10001 = {
						CreatedOnToolsVersion = 16.0;
					};
				};
			};
			buildConfigurationList = G10001 /* Build configuration list for PBXProject "TheClapper" */;
			compatibilityVersion = "Xcode 14.0";
			developmentRegion = en;
			hasScannedForEncodings = 0;
			knownRegions = (
				en,
				Base,
			);
			mainGroup = E10001;
			productRefGroup = E10020 /* Products */;
			projectDirPath = "";
			projectRoot = "";
			targets = (
				F10001 /* TheClapper */,
			);
		};
/* End PBXProject section */

/* Begin PBXResourcesBuildPhase section */
		F10003 /* Resources */ = {
			isa = PBXResourcesBuildPhase;
			buildActionMask = 2147483647;
			files = (
				A10022 /* Assets.xcassets in Resources */,
				A10023 /* PrivacyInfo.xcprivacy in Resources */,
			);
			runOnlyForDeploymentPostprocessing = 0;
		};
/* End PBXResourcesBuildPhase section */

/* Begin PBXSourcesBuildPhase section */
		F10002 /* Sources */ = {
			isa = PBXSourcesBuildPhase;
			buildActionMask = 2147483647;
			files = (
				A10001 /* TheClapperApp.swift in Sources */,
				A10002 /* ContentView.swift in Sources */,
				A10003 /* HomeView.swift in Sources */,
				A10004 /* CameraView.swift in Sources */,
				A10005 /* CameraPreviewView.swift in Sources */,
				A10006 /* SettingsView.swift in Sources */,
				A10007 /* AudioLevelBar.swift in Sources */,
				A10008 /* GestureEventRow.swift in Sources */,
				A10009 /* WaveformView.swift in Sources */,
				A10010 /* ClapperViewModel.swift in Sources */,
				A10011 /* Gesture.swift in Sources */,
				A10012 /* GestureAction.swift in Sources */,
				A10013 /* AudioLevel.swift in Sources */,
				A10014 /* AudioMonitorService.swift in Sources */,
				A10015 /* SoundClassifierService.swift in Sources */,
				A10016 /* GestureRecognizerService.swift in Sources */,
				A10017 /* CameraService.swift in Sources */,
				A10018 /* ActionDispatcher.swift in Sources */,
				A10019 /* HapticService.swift in Sources */,
				A10020 /* AudioSessionService.swift in Sources */,
				A10021 /* DesignSystem.swift in Sources */,
				A10024 /* ObjCExceptionCatcher.m in Sources */,
			);
			runOnlyForDeploymentPostprocessing = 0;
		};
/* End PBXSourcesBuildPhase section */

/* Begin XCBuildConfiguration section */
		G10002 /* Debug */ = {
			isa = XCBuildConfiguration;
			buildSettings = {
				ALWAYS_SEARCH_USER_PATHS = NO;
				ASSETCATALOG_COMPILER_GENERATE_SWIFT_ASSET_SYMBOL_EXTENSIONS = YES;
				CLANG_ANALYZER_NONNULL = YES;
				CLANG_CXX_LANGUAGE_STANDARD = "gnu++20";
				CLANG_ENABLE_MODULES = YES;
				CLANG_ENABLE_OBJC_ARC = YES;
				CLANG_WARN_BLOCK_CAPTURE_AUTORELEASING = YES;
				CLANG_WARN_BOOL_CONVERSION = YES;
				CLANG_WARN_COMMA = YES;
				CLANG_WARN_CONSTANT_CONVERSION = YES;
				CLANG_WARN_DEPRECATED_OBJC_IMPLEMENTATIONS = YES;
				CLANG_WARN_DIRECT_OBJC_ISA_USAGE = YES_ERROR;
				CLANG_WARN_EMPTY_BODY = YES;
				CLANG_WARN_ENUM_CONVERSION = YES;
				CLANG_WARN_INFINITE_RECURSION = YES;
				CLANG_WARN_INT_CONVERSION = YES;
				CLANG_WARN_NON_LITERAL_NULL_CONVERSION = YES;
				CLANG_WARN_OBJC_IMPLICIT_RETAIN_SELF = YES;
				CLANG_WARN_OBJC_LITERAL_CONVERSION = YES;
				CLANG_WARN_OBJC_ROOT_CLASS = YES_ERROR;
				CLANG_WARN_QUOTED_INCLUDE_IN_FRAMEWORK_HEADER = YES;
				CLANG_WARN_RANGE_LOOP_ANALYSIS = YES;
				CLANG_WARN_STRICT_PROTOTYPES = YES;
				CLANG_WARN_SUSPICIOUS_MOVE = YES;
				CLANG_WARN_UNGUARDED_AVAILABILITY = YES_AGGRESSIVE;
				CLANG_WARN_UNREACHABLE_CODE = YES;
				CLANG_WARN__DUPLICATE_METHOD_MATCH = YES;
				COPY_PHASE_STRIP = NO;
				DEBUG_INFORMATION_FORMAT = dwarf;
				ENABLE_STRICT_OBJC_MSGSEND = YES;
				ENABLE_TESTABILITY = YES;
				ENABLE_USER_SCRIPT_SANDBOXING = YES;
				GCC_C_LANGUAGE_STANDARD = gnu17;
				GCC_DYNAMIC_NO_PIC = NO;
				GCC_NO_COMMON_BLOCKS = YES;
				GCC_OPTIMIZATION_LEVEL = 0;
				GCC_PREPROCESSOR_DEFINITIONS = (
					"DEBUG=1",
					"$(inherited)",
				);
				GCC_WARN_64_TO_32_BIT_CONVERSION = YES;
				GCC_WARN_ABOUT_RETURN_TYPE = YES_ERROR;
				GCC_WARN_UNDECLARED_SELECTOR = YES;
				GCC_WARN_UNINITIALIZED_AUTOS = YES_AGGRESSIVE;
				GCC_WARN_UNUSED_FUNCTION = YES;
				GCC_WARN_UNUSED_VARIABLE = YES;
				IPHONEOS_DEPLOYMENT_TARGET = 17.0;
				MTL_ENABLE_DEBUG_INFO = INCLUDE_SOURCE;
				MTL_FAST_MATH = YES;
				ONLY_ACTIVE_ARCH = YES;
				SDKROOT = iphoneos;
				SWIFT_ACTIVE_COMPILATION_CONDITIONS = "DEBUG $(inherited)";
				SWIFT_OPTIMIZATION_LEVEL = "-Onone";
			};
			name = Debug;
		};
		G10004 /* Release */ = {
			isa = XCBuildConfiguration;
			buildSettings = {
				ALWAYS_SEARCH_USER_PATHS = NO;
				ASSETCATALOG_COMPILER_GENERATE_SWIFT_ASSET_SYMBOL_EXTENSIONS = YES;
				CLANG_ANALYZER_NONNULL = YES;
				CLANG_CXX_LANGUAGE_STANDARD = "gnu++20";
				CLANG_ENABLE_MODULES = YES;
				CLANG_ENABLE_OBJC_ARC = YES;
				CLANG_WARN_BLOCK_CAPTURE_AUTORELEASING = YES;
				CLANG_WARN_BOOL_CONVERSION = YES;
				CLANG_WARN_COMMA = YES;
				CLANG_WARN_CONSTANT_CONVERSION = YES;
				CLANG_WARN_DEPRECATED_OBJC_IMPLEMENTATIONS = YES;
				CLANG_WARN_DIRECT_OBJC_ISA_USAGE = YES_ERROR;
				CLANG_WARN_EMPTY_BODY = YES;
				CLANG_WARN_ENUM_CONVERSION = YES;
				CLANG_WARN_INFINITE_RECURSION = YES;
				CLANG_WARN_INT_CONVERSION = YES;
				CLANG_WARN_NON_LITERAL_NULL_CONVERSION = YES;
				CLANG_WARN_OBJC_IMPLICIT_RETAIN_SELF = YES;
				CLANG_WARN_OBJC_LITERAL_CONVERSION = YES;
				CLANG_WARN_OBJC_ROOT_CLASS = YES_ERROR;
				CLANG_WARN_QUOTED_INCLUDE_IN_FRAMEWORK_HEADER = YES;
				CLANG_WARN_RANGE_LOOP_ANALYSIS = YES;
				CLANG_WARN_STRICT_PROTOTYPES = YES;
				CLANG_WARN_SUSPICIOUS_MOVE = YES;
				CLANG_WARN_UNGUARDED_AVAILABILITY = YES_AGGRESSIVE;
				CLANG_WARN_UNREACHABLE_CODE = YES;
				CLANG_WARN__DUPLICATE_METHOD_MATCH = YES;
				COPY_PHASE_STRIP = NO;
				DEBUG_INFORMATION_FORMAT = "dwarf-with-dsym";
				ENABLE_NS_ASSERTIONS = NO;
				ENABLE_STRICT_OBJC_MSGSEND = YES;
				ENABLE_USER_SCRIPT_SANDBOXING = YES;
				GCC_C_LANGUAGE_STANDARD = gnu17;
				GCC_NO_COMMON_BLOCKS = YES;
				GCC_WARN_64_TO_32_BIT_CONVERSION = YES;
				GCC_WARN_ABOUT_RETURN_TYPE = YES_ERROR;
				GCC_WARN_UNDECLARED_SELECTOR = YES;
				GCC_WARN_UNINITIALIZED_AUTOS = YES_AGGRESSIVE;
				GCC_WARN_UNUSED_FUNCTION = YES;
				GCC_WARN_UNUSED_VARIABLE = YES;
				IPHONEOS_DEPLOYMENT_TARGET = 17.0;
				MTL_ENABLE_DEBUG_INFO = NO;
				MTL_FAST_MATH = YES;
				SDKROOT = iphoneos;
				SWIFT_COMPILATION_MODE = wholemodule;
				VALIDATE_PRODUCT = YES;
			};
			name = Release;
		};
		G10005 /* Debug */ = {
			isa = XCBuildConfiguration;
			buildSettings = {
				ASSETCATALOG_COMPILER_APPICON_NAME = AppIcon;
				ASSETCATALOG_COMPILER_GLOBAL_ACCENT_COLOR_NAME = AccentColor;
				CODE_SIGN_STYLE = Automatic;
				CURRENT_PROJECT_VERSION = 8;
				DEVELOPMENT_TEAM = 9BKHLSZVGF;
				GENERATE_INFOPLIST_FILE = YES;
				INFOPLIST_FILE = TheClapper/Resources/Info.plist;
				INFOPLIST_KEY_CFBundleDisplayName = "The Clapper";
				INFOPLIST_KEY_LSApplicationCategoryType = "public.app-category.utilities";
				INFOPLIST_KEY_UIApplicationSceneManifest_Generation = YES;
				INFOPLIST_KEY_UIApplicationSupportsIndirectInputEvents = YES;
				INFOPLIST_KEY_UILaunchScreen_Generation = YES;
				INFOPLIST_KEY_UISupportedInterfaceOrientations_iPad = "UIInterfaceOrientationPortrait UIInterfaceOrientationPortraitUpsideDown UIInterfaceOrientationLandscapeLeft UIInterfaceOrientationLandscapeRight";
				INFOPLIST_KEY_UISupportedInterfaceOrientations_iPhone = "UIInterfaceOrientationPortrait UIInterfaceOrientationLandscapeLeft UIInterfaceOrientationLandscapeRight";
				LD_RUNPATH_SEARCH_PATHS = (
					"$(inherited)",
					"@executable_path/Frameworks",
				);
				MARKETING_VERSION = 1.0;
				PRODUCT_BUNDLE_IDENTIFIER = com.edgeless.theclapper;
				PRODUCT_NAME = "$(TARGET_NAME)";
				SWIFT_EMIT_LOC_STRINGS = YES;
				SWIFT_OBJC_BRIDGING_HEADER = "TheClapper/TheClapper-Bridging-Header.h";
				SWIFT_VERSION = 5.0;
				TARGETED_DEVICE_FAMILY = "1,2";
			};
			name = Debug;
		};
		G10006 /* Release */ = {
			isa = XCBuildConfiguration;
			buildSettings = {
				ASSETCATALOG_COMPILER_APPICON_NAME = AppIcon;
				ASSETCATALOG_COMPILER_GLOBAL_ACCENT_COLOR_NAME = AccentColor;
				CODE_SIGN_STYLE = Automatic;
				CURRENT_PROJECT_VERSION = 8;
				DEVELOPMENT_TEAM = 9BKHLSZVGF;
				GENERATE_INFOPLIST_FILE = YES;
				INFOPLIST_FILE = TheClapper/Resources/Info.plist;
				INFOPLIST_KEY_CFBundleDisplayName = "The Clapper";
				INFOPLIST_KEY_LSApplicationCategoryType = "public.app-category.utilities";
				INFOPLIST_KEY_UIApplicationSceneManifest_Generation = YES;
				INFOPLIST_KEY_UIApplicationSupportsIndirectInputEvents = YES;
				INFOPLIST_KEY_UILaunchScreen_Generation = YES;
				INFOPLIST_KEY_UISupportedInterfaceOrientations_iPad = "UIInterfaceOrientationPortrait UIInterfaceOrientationPortraitUpsideDown UIInterfaceOrientationLandscapeLeft UIInterfaceOrientationLandscapeRight";
				INFOPLIST_KEY_UISupportedInterfaceOrientations_iPhone = "UIInterfaceOrientationPortrait UIInterfaceOrientationLandscapeLeft UIInterfaceOrientationLandscapeRight";
				LD_RUNPATH_SEARCH_PATHS = (
					"$(inherited)",
					"@executable_path/Frameworks",
				);
				MARKETING_VERSION = 1.0;
				PRODUCT_BUNDLE_IDENTIFIER = com.edgeless.theclapper;
				PRODUCT_NAME = "$(TARGET_NAME)";
				SWIFT_EMIT_LOC_STRINGS = YES;
				SWIFT_OBJC_BRIDGING_HEADER = "TheClapper/TheClapper-Bridging-Header.h";
				SWIFT_VERSION = 5.0;
				TARGETED_DEVICE_FAMILY = "1,2";
			};
			name = Release;
		};
/* End XCBuildConfiguration section */

/* Begin XCConfigurationList section */
		G10001 /* Build configuration list for PBXProject "TheClapper" */ = {
			isa = XCConfigurationList;
			buildConfigurations = (
				G10002 /* Debug */,
				G10004 /* Release */,
			);
			defaultConfigurationIsVisible = 0;
			defaultConfigurationName = Release;
		};
		G10003 /* Build configuration list for PBXNativeTarget "TheClapper" */ = {
			isa = XCConfigurationList;
			buildConfigurations = (
				G10005 /* Debug */,
				G10006 /* Release */,
			);
			defaultConfigurationIsVisible = 0;
			defaultConfigurationName = Release;
		};
/* End XCConfigurationList section */

	};
	rootObject = H10001 /* Project object */;
}
